{
  "markbot": "9f1208096519ef1add55a9eb1a21080a2a6ab370ee308f74922599197f8e78d8",
  "css/main.css": "88a3a2825b0fb3c2ecef255394f1b9ecbe774535499b8fb35a29e68aac06ff0a",
  "index-320.png": "093cf5f808e67786f9cd80ae668aaf2f31f4efdedfda1bbf3be8ad98efe057f5",
  "index-400.png": "61f4e4a34115eb99bfbce1bb198c9851f7ee981b4aa9f5b2d1ab697b84a77f51",
  "index-608.png": "5276e4e84690be5d0444118529aa48ffd5ef07dfeef4dc211cfeb1ad86553543",
  "index-960.png": "aede66f01301dd1d8e12be38da070dbb4d4cf6cbd1ae323d904b2ddb9d5c7d52",
  "index-1440.png": "fe5a7562243e156f2686a55d21ce3715ab9a280a776bcb6f5e53ff0bb0f9a2db"
}